
Microsoft Visual Studio Solution File, Format Version 12.00
# Visual Studio Version 16
VisualStudioVersion = 16.0.30011.22
MinimumVisualStudioVersion = 10.0.40219.1
Project("{FAE04EC0-301F-11D3-BF4B-00C04F79EFBC}") = "Writer-Helper", "Writer-Helper\Writer-Helper.csproj", "{001CDC4C-A258-4A70-ADB3-0164DFDE291E}"
EndProject
Global
	GlobalSection(SolutionConfigurationPlatforms) = preSolution
		Debug|Any CPU = Debug|Any CPU
		Release|Any CPU = Release|Any CPU
	EndGlobalSection
	GlobalSection(ProjectConfigurationPlatforms) = postSolution
		{001CDC4C-A258-4A70-ADB3-0164DFDE291E}.Debug|Any CPU.ActiveCfg = Debug|Any CPU
		{001CDC4C-A258-4A70-ADB3-0164DFDE291E}.Debug|Any CPU.Build.0 = Debug|Any CPU
		{001CDC4C-A258-4A70-ADB3-0164DFDE291E}.Release|Any CPU.ActiveCfg = Release|Any CPU
		{001CDC4C-A258-4A70-ADB3-0164DFDE291E}.Release|Any CPU.Build.0 = Release|Any CPU
	EndGlobalSection
	GlobalSection(SolutionProperties) = preSolution
		HideSolutionNode = FALSE
	EndGlobalSection
	GlobalSection(ExtensibilityGlobals) = postSolution
		SolutionGuid = {25A6B053-7E9F-4A1D-8BD9-80A546004228}
	EndGlobalSection
EndGlobal
